
Microsoft Visual Studio Solution File, Format Version 12.00
# Visual Studio Version 17
VisualStudioVersion = 17.10.35004.147
MinimumVisualStudioVersion = 10.0.40219.1
Project("{FAE04EC0-301F-11D3-BF4B-00C04F79EFBC}") = "assignment 2", "assignment 2\assignment 2.csproj", "{398AFD24-1B13-4770-99BE-384D5D4CC6B2}"
EndProject
Global
	GlobalSection(SolutionConfigurationPlatforms) = preSolution
		Debug|Any CPU = Debug|Any CPU
		Release|Any CPU = Release|Any CPU
	EndGlobalSection
	GlobalSection(ProjectConfigurationPlatforms) = postSolution
		{398AFD24-1B13-4770-99BE-384D5D4CC6B2}.Debug|Any CPU.ActiveCfg = Debug|Any CPU
		{398AFD24-1B13-4770-99BE-384D5D4CC6B2}.Debug|Any CPU.Build.0 = Debug|Any CPU
		{398AFD24-1B13-4770-99BE-384D5D4CC6B2}.Release|Any CPU.ActiveCfg = Release|Any CPU
		{398AFD24-1B13-4770-99BE-384D5D4CC6B2}.Release|Any CPU.Build.0 = Release|Any CPU
	EndGlobalSection
	GlobalSection(SolutionProperties) = preSolution
		HideSolutionNode = FALSE
	EndGlobalSection
	GlobalSection(ExtensibilityGlobals) = postSolution
		SolutionGuid = {EA0E4BD8-9C65-49BB-92AB-2AC8A244D373}
	EndGlobalSection
EndGlobal
